
Microsoft Visual Studio Solution File, Format Version 12.00
# Visual Studio Version 17
VisualStudioVersion = 17.14.36518.9
MinimumVisualStudioVersion = 10.0.40219.1
Project("{FAE04EC0-301F-11D3-BF4B-00C04F79EFBC}") = "FlowFocus", "FlowFocus\FlowFocus.csproj", "{EC182C15-DFD5-406A-B970-5C10BEE3E707}"
EndProject
Project("{FAE04EC0-301F-11D3-BF4B-00C04F79EFBC}") = "FlowFocus.Tests", "FlowFocus.Tests\FlowFocus.Tests.csproj", "{537C33F1-D3F5-18F7-E234-F46D4F004B53}"
EndProject
Global
	GlobalSection(SolutionConfigurationPlatforms) = preSolution
		Debug|Any CPU = Debug|Any CPU
		Release|Any CPU = Release|Any CPU
	EndGlobalSection
	GlobalSection(ProjectConfigurationPlatforms) = postSolution
		{EC182C15-DFD5-406A-B970-5C10BEE3E707}.Debug|Any CPU.ActiveCfg = Debug|Any CPU
		{EC182C15-DFD5-406A-B970-5C10BEE3E707}.Debug|Any CPU.Build.0 = Debug|Any CPU
		{EC182C15-DFD5-406A-B970-5C10BEE3E707}.Release|Any CPU.ActiveCfg = Release|Any CPU
		{EC182C15-DFD5-406A-B970-5C10BEE3E707}.Release|Any CPU.Build.0 = Release|Any CPU
		{537C33F1-D3F5-18F7-E234-F46D4F004B53}.Debug|Any CPU.ActiveCfg = Debug|Any CPU
		{537C33F1-D3F5-18F7-E234-F46D4F004B53}.Debug|Any CPU.Build.0 = Debug|Any CPU
		{537C33F1-D3F5-18F7-E234-F46D4F004B53}.Release|Any CPU.ActiveCfg = Release|Any CPU
		{537C33F1-D3F5-18F7-E234-F46D4F004B53}.Release|Any CPU.Build.0 = Release|Any CPU
	EndGlobalSection
	GlobalSection(SolutionProperties) = preSolution
		HideSolutionNode = FALSE
	EndGlobalSection
	GlobalSection(ExtensibilityGlobals) = postSolution
		SolutionGuid = {50D9FB16-6C36-4863-BC50-857750E3181E}
	EndGlobalSection
EndGlobal
